{
  "requires": true,
  "lockfileVersion": 1,
  "dependencies": {
    "swal": {
      "version": "0.1.0",
      "resolved": "https://registry.npmjs.org/swal/-/swal-0.1.0.tgz",
      "integrity": "sha1-cwwSGaYnzMnN1/IJqMCdnkOKKPs=",
      "requires": {
        "vue": "^2.0.1"
      }
    },
    "vue": {
      "version": "2.6.14",
      "resolved": "https://registry.npmjs.org/vue/-/vue-2.6.14.tgz",
      "integrity": "sha512-x2284lgYvjOMj3Za7kqzRcUSxBboHqtgRE2zlos1qWaOye5yUmHn42LB1250NJBLRwEcdrB0JRwyPTEPhfQjiQ=="
    }
  }
}
